Microsoft Visual Studio Solution File, Format Version 12.00
# Visual Studio Version 17
VisualStudioVersion = 17.5.2.0
MinimumVisualStudioVersion = 10.0.40219.1
Project("{FAE04EC0-301F-11D3-BF4B-00C04F79EFBC}") = "uploads-api", "uploads-api.csproj", "{1FB21E6A-C816-F144-7736-8A11CE1E883F}"
EndProject
Global
	GlobalSection(SolutionConfigurationPlatforms) = preSolution
		Debug|Any CPU = Debug|Any CPU
		Release|Any CPU = Release|Any CPU
	EndGlobalSection
	GlobalSection(ProjectConfigurationPlatforms) = postSolution
		{1FB21E6A-C816-F144-7736-8A11CE1E883F}.Debug|Any CPU.ActiveCfg = Debug|Any CPU
		{1FB21E6A-C816-F144-7736-8A11CE1E883F}.Debug|Any CPU.Build.0 = Debug|Any CPU
		{1FB21E6A-C816-F144-7736-8A11CE1E883F}.Release|Any CPU.ActiveCfg = Release|Any CPU
		{1FB21E6A-C816-F144-7736-8A11CE1E883F}.Release|Any CPU.Build.0 = Release|Any CPU
	EndGlobalSection
	GlobalSection(SolutionProperties) = preSolution
		HideSolutionNode = FALSE
	EndGlobalSection
	GlobalSection(ExtensibilityGlobals) = postSolution
		SolutionGuid = {B684BAF6-7B50-423E-BC57-CD8606E5BF00}
	EndGlobalSection
EndGlobal
